
Microsoft Visual Studio Solution File, Format Version 12.00
# Visual Studio Version 17
VisualStudioVersion = 17.6.33723.286
MinimumVisualStudioVersion = 10.0.40219.1
Project("{FAE04EC0-301F-11D3-BF4B-00C04F79EFBC}") = "FirstCode", "FirstCode.csproj", "{1ECA3E78-BED6-4C95-A0A2-C0D5CDFDD2F8}"
EndProject
Global
	GlobalSection(SolutionConfigurationPlatforms) = preSolution
		Debug|Any CPU = Debug|Any CPU
		Release|Any CPU = Release|Any CPU
	EndGlobalSection
	GlobalSection(ProjectConfigurationPlatforms) = postSolution
		{1ECA3E78-BED6-4C95-A0A2-C0D5CDFDD2F8}.Debug|Any CPU.ActiveCfg = Debug|Any CPU
		{1ECA3E78-BED6-4C95-A0A2-C0D5CDFDD2F8}.Debug|Any CPU.Build.0 = Debug|Any CPU
		{1ECA3E78-BED6-4C95-A0A2-C0D5CDFDD2F8}.Release|Any CPU.ActiveCfg = Release|Any CPU
		{1ECA3E78-BED6-4C95-A0A2-C0D5CDFDD2F8}.Release|Any CPU.Build.0 = Release|Any CPU
	EndGlobalSection
	GlobalSection(SolutionProperties) = preSolution
		HideSolutionNode = FALSE
	EndGlobalSection
	GlobalSection(ExtensibilityGlobals) = postSolution
		SolutionGuid = {151CB015-0B5E-42A7-B21B-7A5F5AB4F1F8}
	EndGlobalSection
EndGlobal
